
Microsoft Visual Studio Solution File, Format Version 12.00
# Visual Studio 15
VisualStudioVersion = 15.0.28307.168
MinimumVisualStudioVersion = 10.0.40219.1
Project("{9A19103F-16F7-4668-BE54-9A1E7A4F7556}") = "S3ServerInterface", "S3ServerInterface\S3ServerInterface.csproj", "{25EAE1BF-CA69-4CB7-A6F5-2F2C5B745EA3}"
EndProject
Project("{9A19103F-16F7-4668-BE54-9A1E7A4F7556}") = "S3ServerTest", "S3ServerTest\S3ServerTest.csproj", "{61CA1016-43B7-46BF-9E1C-8CDCF939668A}"
EndProject
Project("{FAE04EC0-301F-11D3-BF4B-00C04F79EFBC}") = "S3ClientTest", "S3ClientTest\S3ClientTest.csproj", "{D127F4B7-01FF-4CE8-9BE2-F6B34BD2C33B}"
EndProject
Global
	GlobalSection(SolutionConfigurationPlatforms) = preSolution
		Debug|Any CPU = Debug|Any CPU
		Release|Any CPU = Release|Any CPU
	EndGlobalSection
	GlobalSection(ProjectConfigurationPlatforms) = postSolution
		{25EAE1BF-CA69-4CB7-A6F5-2F2C5B745EA3}.Debug|Any CPU.ActiveCfg = Debug|Any CPU
		{25EAE1BF-CA69-4CB7-A6F5-2F2C5B745EA3}.Debug|Any CPU.Build.0 = Debug|Any CPU
		{25EAE1BF-CA69-4CB7-A6F5-2F2C5B745EA3}.Release|Any CPU.ActiveCfg = Release|Any CPU
		{25EAE1BF-CA69-4CB7-A6F5-2F2C5B745EA3}.Release|Any CPU.Build.0 = Release|Any CPU
		{61CA1016-43B7-46BF-9E1C-8CDCF939668A}.Debug|Any CPU.ActiveCfg = Debug|Any CPU
		{61CA1016-43B7-46BF-9E1C-8CDCF939668A}.Debug|Any CPU.Build.0 = Debug|Any CPU
		{61CA1016-43B7-46BF-9E1C-8CDCF939668A}.Release|Any CPU.ActiveCfg = Release|Any CPU
		{61CA1016-43B7-46BF-9E1C-8CDCF939668A}.Release|Any CPU.Build.0 = Release|Any CPU
		{D127F4B7-01FF-4CE8-9BE2-F6B34BD2C33B}.Debug|Any CPU.ActiveCfg = Debug|Any CPU
		{D127F4B7-01FF-4CE8-9BE2-F6B34BD2C33B}.Debug|Any CPU.Build.0 = Debug|Any CPU
		{D127F4B7-01FF-4CE8-9BE2-F6B34BD2C33B}.Release|Any CPU.ActiveCfg = Release|Any CPU
		{D127F4B7-01FF-4CE8-9BE2-F6B34BD2C33B}.Release|Any CPU.Build.0 = Release|Any CPU
	EndGlobalSection
	GlobalSection(SolutionProperties) = preSolution
		HideSolutionNode = FALSE
	EndGlobalSection
	GlobalSection(ExtensibilityGlobals) = postSolution
		SolutionGuid = {C26F07DE-7CD9-4393-B339-D01B8169FD1A}
	EndGlobalSection
EndGlobal
